// !$*UTF8*$!
{
	archiveVersion = 1;
	classes = {
	};
	objectVersion = 50;
	objects = {

/* Begin PBXBuildFile section */
		959B7AF720F37B67008CBDB3 /* tickIcon.png in Resources */ = {isa = PBXBuildFile; fileRef = 959B7AF620F37B66008CBDB3 /* tickIcon.png */; };
		95A1DD7C21073E060092E04D /* PhotoStoryboard.storyboard in Resources */ = {isa = PBXBuildFile; fileRef = 95A1DD7B21073E060092E04D /* PhotoStoryboard.storyboard */; };
		95A1DD822107EA530092E04D /* PhotoSolution.swift in Sources */ = {isa = PBXBuildFile; fileRef = 95A1DD812107EA530092E04D /* PhotoSolution.swift */; };
		95A1DD842107F66F0092E04D /* PhotoCollectionViewController.swift in Sources */ = {isa = PBXBuildFile; fileRef = 95A1DD832107F66F0092E04D /* PhotoCollectionViewController.swift */; };
		95A1DD862107F69D0092E04D /* AlbumTableViewController.swift in Sources */ = {isa = PBXBuildFile; fileRef = 95A1DD852107F69D0092E04D /* AlbumTableViewController.swift */; };
		95A1DD882107F7240092E04D /* ImageEditorViewController.swift in Sources */ = {isa = PBXBuildFile; fileRef = 95A1DD872107F7240092E04D /* ImageEditorViewController.swift */; };
		95A1DD8A21080D350092E04D /* PhotoNavigationController.swift in Sources */ = {isa = PBXBuildFile; fileRef = 95A1DD8921080D350092E04D /* PhotoNavigationController.swift */; };
		95A1DD8C21088F130092E04D /* CameraNavigationController.swift in Sources */ = {isa = PBXBuildFile; fileRef = 95A1DD8B21088F130092E04D /* CameraNavigationController.swift */; };
		95E696A620F230F2003BDCBE /* AppDelegate.swift in Sources */ = {isa = PBXBuildFile; fileRef = 95E696A520F230F2003BDCBE /* AppDelegate.swift */; };
		95E696A820F230F2003BDCBE /* ViewController.swift in Sources */ = {isa = PBXBuildFile; fileRef = 95E696A720F230F2003BDCBE /* ViewController.swift */; };
		95E696AB20F230F2003BDCBE /* Main.storyboard in Resources */ = {isa = PBXBuildFile; fileRef = 95E696A920F230F2003BDCBE /* Main.storyboard */; };
		95E696AD20F230F3003BDCBE /* Assets.xcassets in Resources */ = {isa = PBXBuildFile; fileRef = 95E696AC20F230F3003BDCBE /* Assets.xcassets */; };
		95E696B020F230F3003BDCBE /* LaunchScreen.storyboard in Resources */ = {isa = PBXBuildFile; fileRef = 95E696AE20F230F3003BDCBE /* LaunchScreen.storyboard */; };
		95E696BB20F23574003BDCBE /* ImageViewController.swift in Sources */ = {isa = PBXBuildFile; fileRef = 95E696B820F23574003BDCBE /* ImageViewController.swift */; };
		95E696BC20F23574003BDCBE /* AlbumViewController.swift in Sources */ = {isa = PBXBuildFile; fileRef = 95E696B920F23574003BDCBE /* AlbumViewController.swift */; };
		95E696BD20F23574003BDCBE /* PhotoViewController.swift in Sources */ = {isa = PBXBuildFile; fileRef = 95E696BA20F23574003BDCBE /* PhotoViewController.swift */; };
		95E696C020F2357F003BDCBE /* Photo.swift in Sources */ = {isa = PBXBuildFile; fileRef = 95E696BE20F2357E003BDCBE /* Photo.swift */; };
		95E696C120F2357F003BDCBE /* Album.swift in Sources */ = {isa = PBXBuildFile; fileRef = 95E696BF20F2357E003BDCBE /* Album.swift */; };
		95E696C820F23589003BDCBE /* PhotoCell.swift in Sources */ = {isa = PBXBuildFile; fileRef = 95E696C220F23589003BDCBE /* PhotoCell.swift */; };
		95E696C920F23589003BDCBE /* PhotoCell.xib in Resources */ = {isa = PBXBuildFile; fileRef = 95E696C320F23589003BDCBE /* PhotoCell.xib */; };
		95E696CA20F23589003BDCBE /* AlbumCell.swift in Sources */ = {isa = PBXBuildFile; fileRef = 95E696C420F23589003BDCBE /* AlbumCell.swift */; };
		95E696CB20F23589003BDCBE /* AlbumCell.xib in Resources */ = {isa = PBXBuildFile; fileRef = 95E696C520F23589003BDCBE /* AlbumCell.xib */; };
		95E696CC20F23589003BDCBE /* ImageViewCell.swift in Sources */ = {isa = PBXBuildFile; fileRef = 95E696C620F23589003BDCBE /* ImageViewCell.swift */; };
		95E696CD20F23589003BDCBE /* ImageViewCell.xib in Resources */ = {isa = PBXBuildFile; fileRef = 95E696C720F23589003BDCBE /* ImageViewCell.xib */; };
		95E696CF20F23591003BDCBE /* arrowIcon.png in Resources */ = {isa = PBXBuildFile; fileRef = 95E696CE20F23591003BDCBE /* arrowIcon.png */; };
		95E696D220F2397A003BDCBE /* PickerCell.swift in Sources */ = {isa = PBXBuildFile; fileRef = 95E696D020F2397A003BDCBE /* PickerCell.swift */; };
		95E696D320F2397A003BDCBE /* PickerCell.xib in Resources */ = {isa = PBXBuildFile; fileRef = 95E696D120F2397A003BDCBE /* PickerCell.xib */; };
/* End PBXBuildFile section */

/* Begin PBXFileReference section */
		959B7AF620F37B66008CBDB3 /* tickIcon.png */ = {isa = PBXFileReference; lastKnownFileType = image.png; path = tickIcon.png; sourceTree = "<group>"; };
		95A1DD7B21073E060092E04D /* PhotoStoryboard.storyboard */ = {isa = PBXFileReference; lastKnownFileType = file.storyboard; path = PhotoStoryboard.storyboard; sourceTree = "<group>"; };
		95A1DD812107EA530092E04D /* PhotoSolution.swift */ = {isa = PBXFileReference; lastKnownFileType = sourcecode.swift; path = PhotoSolution.swift; sourceTree = "<group>"; };
		95A1DD832107F66F0092E04D /* PhotoCollectionViewController.swift */ = {isa = PBXFileReference; lastKnownFileType = sourcecode.swift; path = PhotoCollectionViewController.swift; sourceTree = "<group>"; };
		95A1DD852107F69D0092E04D /* AlbumTableViewController.swift */ = {isa = PBXFileReference; lastKnownFileType = sourcecode.swift; path = AlbumTableViewController.swift; sourceTree = "<group>"; };
		95A1DD872107F7240092E04D /* ImageEditorViewController.swift */ = {isa = PBXFileReference; lastKnownFileType = sourcecode.swift; path = ImageEditorViewController.swift; sourceTree = "<group>"; };
		95A1DD8921080D350092E04D /* PhotoNavigationController.swift */ = {isa = PBXFileReference; lastKnownFileType = sourcecode.swift; path = PhotoNavigationController.swift; sourceTree = "<group>"; };
		95A1DD8B21088F130092E04D /* CameraNavigationController.swift */ = {isa = PBXFileReference; lastKnownFileType = sourcecode.swift; path = CameraNavigationController.swift; sourceTree = "<group>"; };
		95E696A220F230F2003BDCBE /* PhotoSolutionDemo.app */ = {isa = PBXFileReference; explicitFileType = wrapper.application; includeInIndex = 0; path = PhotoSolutionDemo.app; sourceTree = BUILT_PRODUCTS_DIR; };
		95E696A520F230F2003BDCBE /* AppDelegate.swift */ = {isa = PBXFileReference; lastKnownFileType = sourcecode.swift; path = AppDelegate.swift; sourceTree = "<group>"; };
		95E696A720F230F2003BDCBE /* ViewController.swift */ = {isa = PBXFileReference; lastKnownFileType = sourcecode.swift; path = ViewController.swift; sourceTree = "<group>"; };
		95E696AA20F230F2003BDCBE /* Base */ = {isa = PBXFileReference; lastKnownFileType = file.storyboard; name = Base; path = Base.lproj/Main.storyboard; sourceTree = "<group>"; };
		95E696AC20F230F3003BDCBE /* Assets.xcassets */ = {isa = PBXFileReference; lastKnownFileType = folder.assetcatalog; path = Assets.xcassets; sourceTree = "<group>"; };
		95E696AF20F230F3003BDCBE /* Base */ = {isa = PBXFileReference; lastKnownFileType = file.storyboard; name = Base; path = Base.lproj/LaunchScreen.storyboard; sourceTree = "<group>"; };
		95E696B120F230F3003BDCBE /* Info.plist */ = {isa = PBXFileReference; lastKnownFileType = text.plist.xml; path = Info.plist; sourceTree = "<group>"; };
		95E696B820F23574003BDCBE /* ImageViewController.swift */ = {isa = PBXFileReference; fileEncoding = 4; lastKnownFileType = sourcecode.swift; path = ImageViewController.swift; sourceTree = "<group>"; };
		95E696B920F23574003BDCBE /* AlbumViewController.swift */ = {isa = PBXFileReference; fileEncoding = 4; lastKnownFileType = sourcecode.swift; path = AlbumViewController.swift; sourceTree = "<group>"; };
		95E696BA20F23574003BDCBE /* PhotoViewController.swift */ = {isa = PBXFileReference; fileEncoding = 4; lastKnownFileType = sourcecode.swift; path = PhotoViewController.swift; sourceTree = "<group>"; };
		95E696BE20F2357E003BDCBE /* Photo.swift */ = {isa = PBXFileReference; fileEncoding = 4; lastKnownFileType = sourcecode.swift; path = Photo.swift; sourceTree = "<group>"; };
		95E696BF20F2357E003BDCBE /* Album.swift */ = {isa = PBXFileReference; fileEncoding = 4; lastKnownFileType = sourcecode.swift; path = Album.swift; sourceTree = "<group>"; };
		95E696C220F23589003BDCBE /* PhotoCell.swift */ = {isa = PBXFileReference; fileEncoding = 4; lastKnownFileType = sourcecode.swift; path = PhotoCell.swift; sourceTree = "<group>"; };
		95E696C320F23589003BDCBE /* PhotoCell.xib */ = {isa = PBXFileReference; fileEncoding = 4; lastKnownFileType = file.xib; path = PhotoCell.xib; sourceTree = "<group>"; };
		95E696C420F23589003BDCBE /* AlbumCell.swift */ = {isa = PBXFileReference; fileEncoding = 4; lastKnownFileType = sourcecode.swift; path = AlbumCell.swift; sourceTree = "<group>"; };
		95E696C520F23589003BDCBE /* AlbumCell.xib */ = {isa = PBXFileReference; fileEncoding = 4; lastKnownFileType = file.xib; path = AlbumCell.xib; sourceTree = "<group>"; };
		95E696C620F23589003BDCBE /* ImageViewCell.swift */ = {isa = PBXFileReference; fileEncoding = 4; lastKnownFileType = sourcecode.swift; path = ImageViewCell.swift; sourceTree = "<group>"; };
		95E696C720F23589003BDCBE /* ImageViewCell.xib */ = {isa = PBXFileReference; fileEncoding = 4; lastKnownFileType = file.xib; path = ImageViewCell.xib; sourceTree = "<group>"; };
		95E696CE20F23591003BDCBE /* arrowIcon.png */ = {isa = PBXFileReference; lastKnownFileType = image.png; path = arrowIcon.png; sourceTree = "<group>"; };
		95E696D020F2397A003BDCBE /* PickerCell.swift */ = {isa = PBXFileReference; lastKnownFileType = sourcecode.swift; path = PickerCell.swift; sourceTree = "<group>"; };
		95E696D120F2397A003BDCBE /* PickerCell.xib */ = {isa = PBXFileReference; lastKnownFileType = file.xib; path = PickerCell.xib; sourceTree = "<group>"; };
/* End PBXFileReference section */

/* Begin PBXFrameworksBuildPhase section */
		95E6969F20F230F2003BDCBE /* Frameworks */ = {
			isa = PBXFrameworksBuildPhase;
			buildActionMask = 2147483647;
			files = (
			);
			runOnlyForDeploymentPostprocessing = 0;
		};
/* End PBXFrameworksBuildPhase section */

/* Begin PBXGroup section */
		95E6969920F230F2003BDCBE = {
			isa = PBXGroup;
			children = (
				95E696B720F230F9003BDCBE /* PhotoSolution */,
				95E696A420F230F2003BDCBE /* PhotoSolutionDemo */,
				95E696A320F230F2003BDCBE /* Products */,
			);
			sourceTree = "<group>";
		};
		95E696A320F230F2003BDCBE /* Products */ = {
			isa = PBXGroup;
			children = (
				95E696A220F230F2003BDCBE /* PhotoSolutionDemo.app */,
			);
			name = Products;
			sourceTree = "<group>";
		};
		95E696A420F230F2003BDCBE /* PhotoSolutionDemo */ = {
			isa = PBXGroup;
			children = (
				95E696A520F230F2003BDCBE /* AppDelegate.swift */,
				95E696A720F230F2003BDCBE /* ViewController.swift */,
				95E696D020F2397A003BDCBE /* PickerCell.swift */,
				95E696D120F2397A003BDCBE /* PickerCell.xib */,
				95E696A920F230F2003BDCBE /* Main.storyboard */,
				95E696AC20F230F3003BDCBE /* Assets.xcassets */,
				95E696AE20F230F3003BDCBE /* LaunchScreen.storyboard */,
				95E696B120F230F3003BDCBE /* Info.plist */,
			);
			path = PhotoSolutionDemo;
			sourceTree = "<group>";
		};
		95E696B720F230F9003BDCBE /* PhotoSolution */ = {
			isa = PBXGroup;
			children = (
				95E696BA20F23574003BDCBE /* PhotoViewController.swift */,
				95E696B920F23574003BDCBE /* AlbumViewController.swift */,
				95E696B820F23574003BDCBE /* ImageViewController.swift */,
				95E696BE20F2357E003BDCBE /* Photo.swift */,
				95E696BF20F2357E003BDCBE /* Album.swift */,
				95E696C220F23589003BDCBE /* PhotoCell.swift */,
				95E696C320F23589003BDCBE /* PhotoCell.xib */,
				95E696C420F23589003BDCBE /* AlbumCell.swift */,
				95E696C520F23589003BDCBE /* AlbumCell.xib */,
				95E696C620F23589003BDCBE /* ImageViewCell.swift */,
				95E696C720F23589003BDCBE /* ImageViewCell.xib */,
				95E696CE20F23591003BDCBE /* arrowIcon.png */,
				959B7AF620F37B66008CBDB3 /* tickIcon.png */,
				95A1DD7B21073E060092E04D /* PhotoStoryboard.storyboard */,
				95A1DD832107F66F0092E04D /* PhotoCollectionViewController.swift */,
				95A1DD852107F69D0092E04D /* AlbumTableViewController.swift */,
				95A1DD872107F7240092E04D /* ImageEditorViewController.swift */,
				95A1DD8921080D350092E04D /* PhotoNavigationController.swift */,
				95A1DD8B21088F130092E04D /* CameraNavigationController.swift */,
				95A1DD812107EA530092E04D /* PhotoSolution.swift */,
			);
			path = PhotoSolution;
			sourceTree = "<group>";
		};
/* End PBXGroup section */

/* Begin PBXNativeTarget section */
		95E696A120F230F2003BDCBE /* PhotoSolutionDemo */ = {
			isa = PBXNativeTarget;
			buildConfigurationList = 95E696B420F230F3003BDCBE /* Build configuration list for PBXNativeTarget "PhotoSolutionDemo" */;
			buildPhases = (
				95E6969E20F230F2003BDCBE /* Sources */,
				95E6969F20F230F2003BDCBE /* Frameworks */,
				95E696A020F230F2003BDCBE /* Resources */,
			);
			buildRules = (
			);
			dependencies = (
			);
			name = PhotoSolutionDemo;
			productName = PhotoSolutionDemo;
			productReference = 95E696A220F230F2003BDCBE /* PhotoSolutionDemo.app */;
			productType = "com.apple.product-type.application";
		};
/* End PBXNativeTarget section */

/* Begin PBXProject section */
		95E6969A20F230F2003BDCBE /* Project object */ = {
			isa = PBXProject;
			attributes = {
				LastSwiftUpdateCheck = 0940;
				LastUpgradeCheck = 0940;
				ORGANIZATIONNAME = mark;
				TargetAttributes = {
					95E696A120F230F2003BDCBE = {
						CreatedOnToolsVersion = 9.4.1;
					};
				};
			};
			buildConfigurationList = 95E6969D20F230F2003BDCBE /* Build configuration list for PBXProject "PhotoSolutionDemo" */;
			compatibilityVersion = "Xcode 9.3";
			developmentRegion = en;
			hasScannedForEncodings = 0;
			knownRegions = (
				en,
				Base,
			);
			mainGroup = 95E6969920F230F2003BDCBE;
			productRefGroup = 95E696A320F230F2003BDCBE /* Products */;
			projectDirPath = "";
			projectRoot = "";
			targets = (
				95E696A120F230F2003BDCBE /* PhotoSolutionDemo */,
			);
		};
/* End PBXProject section */

/* Begin PBXResourcesBuildPhase section */
		95E696A020F230F2003BDCBE /* Resources */ = {
			isa = PBXResourcesBuildPhase;
			buildActionMask = 2147483647;
			files = (
				95E696C920F23589003BDCBE /* PhotoCell.xib in Resources */,
				95E696B020F230F3003BDCBE /* LaunchScreen.storyboard in Resources */,
				95E696CB20F23589003BDCBE /* AlbumCell.xib in Resources */,
				95E696AD20F230F3003BDCBE /* Assets.xcassets in Resources */,
				959B7AF720F37B67008CBDB3 /* tickIcon.png in Resources */,
				95E696CD20F23589003BDCBE /* ImageViewCell.xib in Resources */,
				95A1DD7C21073E060092E04D /* PhotoStoryboard.storyboard in Resources */,
				95E696D320F2397A003BDCBE /* PickerCell.xib in Resources */,
				95E696AB20F230F2003BDCBE /* Main.storyboard in Resources */,
				95E696CF20F23591003BDCBE /* arrowIcon.png in Resources */,
			);
			runOnlyForDeploymentPostprocessing = 0;
		};
/* End PBXResourcesBuildPhase section */

/* Begin PBXSourcesBuildPhase section */
		95E6969E20F230F2003BDCBE /* Sources */ = {
			isa = PBXSourcesBuildPhase;
			buildActionMask = 2147483647;
			files = (
				95A1DD882107F7240092E04D /* ImageEditorViewController.swift in Sources */,
				95A1DD8C21088F130092E04D /* CameraNavigationController.swift in Sources */,
				95E696C020F2357F003BDCBE /* Photo.swift in Sources */,
				95E696BC20F23574003BDCBE /* AlbumViewController.swift in Sources */,
				95A1DD842107F66F0092E04D /* PhotoCollectionViewController.swift in Sources */,
				95E696A820F230F2003BDCBE /* ViewController.swift in Sources */,
				95E696BB20F23574003BDCBE /* ImageViewController.swift in Sources */,
				95E696C820F23589003BDCBE /* PhotoCell.swift in Sources */,
				95A1DD822107EA530092E04D /* PhotoSolution.swift in Sources */,
				95A1DD8A21080D350092E04D /* PhotoNavigationController.swift in Sources */,
				95E696A620F230F2003BDCBE /* AppDelegate.swift in Sources */,
				95E696C120F2357F003BDCBE /* Album.swift in Sources */,
				95E696D220F2397A003BDCBE /* PickerCell.swift in Sources */,
				95E696BD20F23574003BDCBE /* PhotoViewController.swift in Sources */,
				95E696CC20F23589003BDCBE /* ImageViewCell.swift in Sources */,
				95E696CA20F23589003BDCBE /* AlbumCell.swift in Sources */,
				95A1DD862107F69D0092E04D /* AlbumTableViewController.swift in Sources */,
			);
			runOnlyForDeploymentPostprocessing = 0;
		};
/* End PBXSourcesBuildPhase section */

/* Begin PBXVariantGroup section */
		95E696A920F230F2003BDCBE /* Main.storyboard */ = {
			isa = PBXVariantGroup;
			children = (
				95E696AA20F230F2003BDCBE /* Base */,
			);
			name = Main.storyboard;
			sourceTree = "<group>";
		};
		95E696AE20F230F3003BDCBE /* LaunchScreen.storyboard */ = {
			isa = PBXVariantGroup;
			children = (
				95E696AF20F230F3003BDCBE /* Base */,
			);
			name = LaunchScreen.storyboard;
			sourceTree = "<group>";
		};
/* End PBXVariantGroup section */

/* Begin XCBuildConfiguration section */
		95E696B220F230F3003BDCBE /* Debug */ = {
			isa = XCBuildConfiguration;
			buildSettings = {
				ALWAYS_SEARCH_USER_PATHS = NO;
				CLANG_ANALYZER_NONNULL = YES;
				CLANG_ANALYZER_NUMBER_OBJECT_CONVERSION = YES_AGGRESSIVE;
				CLANG_CXX_LANGUAGE_STANDARD = "gnu++14";
				CLANG_CXX_LIBRARY = "libc++";
				CLANG_ENABLE_MODULES = YES;
				CLANG_ENABLE_OBJC_ARC = YES;
				CLANG_ENABLE_OBJC_WEAK = YES;
				CLANG_WARN_BLOCK_CAPTURE_AUTORELEASING = YES;
				CLANG_WARN_BOOL_CONVERSION = YES;
				CLANG_WARN_COMMA = YES;
				CLANG_WARN_CONSTANT_CONVERSION = YES;
				CLANG_WARN_DEPRECATED_OBJC_IMPLEMENTATIONS = YES;
				CLANG_WARN_DIRECT_OBJC_ISA_USAGE = YES_ERROR;
				CLANG_WARN_DOCUMENTATION_COMMENTS = YES;
				CLANG_WARN_EMPTY_BODY = YES;
				CLANG_WARN_ENUM_CONVERSION = YES;
				CLANG_WARN_INFINITE_RECURSION = YES;
				CLANG_WARN_INT_CONVERSION = YES;
				CLANG_WARN_NON_LITERAL_NULL_CONVERSION = YES;
				CLANG_WARN_OBJC_IMPLICIT_RETAIN_SELF = YES;
				CLANG_WARN_OBJC_LITERAL_CONVERSION = YES;
				CLANG_WARN_OBJC_ROOT_CLASS = YES_ERROR;
				CLANG_WARN_RANGE_LOOP_ANALYSIS = YES;
				CLANG_WARN_STRICT_PROTOTYPES = YES;
				CLANG_WARN_SUSPICIOUS_MOVE = YES;
				CLANG_WARN_UNGUARDED_AVAILABILITY = YES_AGGRESSIVE;
				CLANG_WARN_UNREACHABLE_CODE = YES;
				CLANG_WARN__DUPLICATE_METHOD_MATCH = YES;
				CODE_SIGN_IDENTITY = "iPhone Developer";
				COPY_PHASE_STRIP = NO;
				DEBUG_INFORMATION_FORMAT = dwarf;
				ENABLE_STRICT_OBJC_MSGSEND = YES;
				ENABLE_TESTABILITY = YES;
				GCC_C_LANGUAGE_STANDARD = gnu11;
				GCC_DYNAMIC_NO_PIC = NO;
				GCC_NO_COMMON_BLOCKS = YES;
				GCC_OPTIMIZATION_LEVEL = 0;
				GCC_PREPROCESSOR_DEFINITIONS = (
					"DEBUG=1",
					"$(inherited)",
				);
				GCC_WARN_64_TO_32_BIT_CONVERSION = YES;
				GCC_WARN_ABOUT_RETURN_TYPE = YES_ERROR;
				GCC_WARN_UNDECLARED_SELECTOR = YES;
				GCC_WARN_UNINITIALIZED_AUTOS = YES_AGGRESSIVE;
				GCC_WARN_UNUSED_FUNCTION = YES;
				GCC_WARN_UNUSED_VARIABLE = YES;
				IPHONEOS_DEPLOYMENT_TARGET = 11.4;
				MTL_ENABLE_DEBUG_INFO = YES;
				ONLY_ACTIVE_ARCH = YES;
				SDKROOT = iphoneos;
				SWIFT_ACTIVE_COMPILATION_CONDITIONS = DEBUG;
				SWIFT_OPTIMIZATION_LEVEL = "-Onone";
			};
			name = Debug;
		};
		95E696B320F230F3003BDCBE /* Release */ = {
			isa = XCBuildConfiguration;
			buildSettings = {
				ALWAYS_SEARCH_USER_PATHS = NO;
				CLANG_ANALYZER_NONNULL = YES;
				CLANG_ANALYZER_NUMBER_OBJECT_CONVERSION = YES_AGGRESSIVE;
				CLANG_CXX_LANGUAGE_STANDARD = "gnu++14";
				CLANG_CXX_LIBRARY = "libc++";
				CLANG_ENABLE_MODULES = YES;
				CLANG_ENABLE_OBJC_ARC = YES;
				CLANG_ENABLE_OBJC_WEAK = YES;
				CLANG_WARN_BLOCK_CAPTURE_AUTORELEASING = YES;
				CLANG_WARN_BOOL_CONVERSION = YES;
				CLANG_WARN_COMMA = YES;
				CLANG_WARN_CONSTANT_CONVERSION = YES;
				CLANG_WARN_DEPRECATED_OBJC_IMPLEMENTATIONS = YES;
				CLANG_WARN_DIRECT_OBJC_ISA_USAGE = YES_ERROR;
				CLANG_WARN_DOCUMENTATION_COMMENTS = YES;
				CLANG_WARN_EMPTY_BODY = YES;
				CLANG_WARN_ENUM_CONVERSION = YES;
				CLANG_WARN_INFINITE_RECURSION = YES;
				CLANG_WARN_INT_CONVERSION = YES;
				CLANG_WARN_NON_LITERAL_NULL_CONVERSION = YES;
				CLANG_WARN_OBJC_IMPLICIT_RETAIN_SELF = YES;
				CLANG_WARN_OBJC_LITERAL_CONVERSION = YES;
				CLANG_WARN_OBJC_ROOT_CLASS = YES_ERROR;
				CLANG_WARN_RANGE_LOOP_ANALYSIS = YES;
				CLANG_WARN_STRICT_PROTOTYPES = YES;
				CLANG_WARN_SUSPICIOUS_MOVE = YES;
				CLANG_WARN_UNGUARDED_AVAILABILITY = YES_AGGRESSIVE;
				CLANG_WARN_UNREACHABLE_CODE = YES;
				CLANG_WARN__DUPLICATE_METHOD_MATCH = YES;
				CODE_SIGN_IDENTITY = "iPhone Developer";
				COPY_PHASE_STRIP = NO;
				DEBUG_INFORMATION_FORMAT = "dwarf-with-dsym";
				ENABLE_NS_ASSERTIONS = NO;
				ENABLE_STRICT_OBJC_MSGSEND = YES;
				GCC_C_LANGUAGE_STANDARD = gnu11;
				GCC_NO_COMMON_BLOCKS = YES;
				GCC_WARN_64_TO_32_BIT_CONVERSION = YES;
				GCC_WARN_ABOUT_RETURN_TYPE = YES_ERROR;
				GCC_WARN_UNDECLARED_SELECTOR = YES;
				GCC_WARN_UNINITIALIZED_AUTOS = YES_AGGRESSIVE;
				GCC_WARN_UNUSED_FUNCTION = YES;
				GCC_WARN_UNUSED_VARIABLE = YES;
				IPHONEOS_DEPLOYMENT_TARGET = 11.4;
				MTL_ENABLE_DEBUG_INFO = NO;
				SDKROOT = iphoneos;
				SWIFT_COMPILATION_MODE = wholemodule;
				SWIFT_OPTIMIZATION_LEVEL = "-O";
				VALIDATE_PRODUCT = YES;
			};
			name = Release;
		};
		95E696B520F230F3003BDCBE /* Debug */ = {
			isa = XCBuildConfiguration;
			buildSettings = {
				ASSETCATALOG_COMPILER_APPICON_NAME = AppIcon;
				CODE_SIGN_STYLE = Automatic;
				DEVELOPMENT_TEAM = 88EEWFS7MB;
				INFOPLIST_FILE = PhotoSolutionDemo/Info.plist;
				IPHONEOS_DEPLOYMENT_TARGET = 9.0;
				LD_RUNPATH_SEARCH_PATHS = (
					"$(inherited)",
					"@executable_path/Frameworks",
				);
				PRODUCT_BUNDLE_IDENTIFIER = mark.PhotoSolutionDemo;
				PRODUCT_NAME = "$(TARGET_NAME)";
				SWIFT_VERSION = 4.0;
				TARGETED_DEVICE_FAMILY = "1,2";
			};
			name = Debug;
		};
		95E696B620F230F3003BDCBE /* Release */ = {
			isa = XCBuildConfiguration;
			buildSettings = {
				ASSETCATALOG_COMPILER_APPICON_NAME = AppIcon;
				CODE_SIGN_STYLE = Automatic;
				DEVELOPMENT_TEAM = 88EEWFS7MB;
				INFOPLIST_FILE = PhotoSolutionDemo/Info.plist;
				IPHONEOS_DEPLOYMENT_TARGET = 9.0;
				LD_RUNPATH_SEARCH_PATHS = (
					"$(inherited)",
					"@executable_path/Frameworks",
				);
				PRODUCT_BUNDLE_IDENTIFIER = mark.PhotoSolutionDemo;
				PRODUCT_NAME = "$(TARGET_NAME)";
				SWIFT_VERSION = 4.0;
				TARGETED_DEVICE_FAMILY = "1,2";
			};
			name = Release;
		};
/* End XCBuildConfiguration section */

/* Begin XCConfigurationList section */
		95E6969D20F230F2003BDCBE /* Build configuration list for PBXProject "PhotoSolutionDemo" */ = {
			isa = XCConfigurationList;
			buildConfigurations = (
				95E696B220F230F3003BDCBE /* Debug */,
				95E696B320F230F3003BDCBE /* Release */,
			);
			defaultConfigurationIsVisible = 0;
			defaultConfigurationName = Release;
		};
		95E696B420F230F3003BDCBE /* Build configuration list for PBXNativeTarget "PhotoSolutionDemo" */ = {
			isa = XCConfigurationList;
			buildConfigurations = (
				95E696B520F230F3003BDCBE /* Debug */,
				95E696B620F230F3003BDCBE /* Release */,
			);
			defaultConfigurationIsVisible = 0;
			defaultConfigurationName = Release;
		};
/* End XCConfigurationList section */
	};
	rootObject = 95E6969A20F230F2003BDCBE /* Project object */;
}
